
Microsoft Visual Studio Solution File, Format Version 12.00
# Visual Studio Version 16
VisualStudioVersion = 16.0.30621.155
MinimumVisualStudioVersion = 10.0.40219.1
Project("{FAE04EC0-301F-11D3-BF4B-00C04F79EFBC}") = "GeneratorFunctionScratch", "GeneratorFunctionScratch\GeneratorFunctionScratch.csproj", "{0F2CAD20-42BC-4344-BCAC-6E085B70ACB6}"
EndProject
Global
	GlobalSection(SolutionConfigurationPlatforms) = preSolution
		Debug|Any CPU = Debug|Any CPU
		Release|Any CPU = Release|Any CPU
	EndGlobalSection
	GlobalSection(ProjectConfigurationPlatforms) = postSolution
		{0F2CAD20-42BC-4344-BCAC-6E085B70ACB6}.Debug|Any CPU.ActiveCfg = Debug|Any CPU
		{0F2CAD20-42BC-4344-BCAC-6E085B70ACB6}.Debug|Any CPU.Build.0 = Debug|Any CPU
		{0F2CAD20-42BC-4344-BCAC-6E085B70ACB6}.Release|Any CPU.ActiveCfg = Release|Any CPU
		{0F2CAD20-42BC-4344-BCAC-6E085B70ACB6}.Release|Any CPU.Build.0 = Release|Any CPU
	EndGlobalSection
	GlobalSection(SolutionProperties) = preSolution
		HideSolutionNode = FALSE
	EndGlobalSection
	GlobalSection(ExtensibilityGlobals) = postSolution
		SolutionGuid = {A174C084-CE04-440F-8225-70725945AE29}
	EndGlobalSection
EndGlobal
